
Microsoft Visual Studio Solution File, Format Version 12.00
# Visual Studio 2013
VisualStudioVersion = 12.0.31101.0
MinimumVisualStudioVersion = 10.0.40219.1
Project("{FAE04EC0-301F-11D3-BF4B-00C04F79EFBC}") = "beehive.core", "beehive.core\beehive.core.csproj", "{94FB2FE1-CF80-4B18-8463-F850DC8E920B}"
EndProject
Project("{FAE04EC0-301F-11D3-BF4B-00C04F79EFBC}") = "beehive.common", "beehive.common\beehive.common.csproj", "{82E8B817-64BB-4117-A355-0EF1A4AC1058}"
EndProject
Project("{FAE04EC0-301F-11D3-BF4B-00C04F79EFBC}") = "beehive.service", "beehive.service\beehive.service.csproj", "{7B85ADCF-A717-4CC8-8AD7-1F1044685E4E}"
EndProject
Project("{FAE04EC0-301F-11D3-BF4B-00C04F79EFBC}") = "beehive.console", "beehive.console\beehive.console.csproj", "{7A8AEF6A-C6C7-4DDA-918C-2F6BC52ECAA4}"
EndProject
Project("{FAE04EC0-301F-11D3-BF4B-00C04F79EFBC}") = "beehive.extensions", "beehive.extensions\beehive.extensions.csproj", "{B7A19F95-D77D-4919-BF52-C1C699D1A81E}"
EndProject
Project("{FAE04EC0-301F-11D3-BF4B-00C04F79EFBC}") = "beehive.data", "beehive.data\beehive.data.csproj", "{3BC500E9-C696-4A23-B506-2EC1E9089B58}"
EndProject
Global
	GlobalSection(SolutionConfigurationPlatforms) = preSolution
		CD_ROM|Any CPU = CD_ROM|Any CPU
		CD_ROM|Mixed Platforms = CD_ROM|Mixed Platforms
		CD_ROM|x86 = CD_ROM|x86
		Debug|Any CPU = Debug|Any CPU
		Debug|Mixed Platforms = Debug|Mixed Platforms
		Debug|x86 = Debug|x86
		DVD-5|Any CPU = DVD-5|Any CPU
		DVD-5|Mixed Platforms = DVD-5|Mixed Platforms
		DVD-5|x86 = DVD-5|x86
		Release|Any CPU = Release|Any CPU
		Release|Mixed Platforms = Release|Mixed Platforms
		Release|x86 = Release|x86
		SingleImage|Any CPU = SingleImage|Any CPU
		SingleImage|Mixed Platforms = SingleImage|Mixed Platforms
		SingleImage|x86 = SingleImage|x86
	EndGlobalSection
	GlobalSection(ProjectConfigurationPlatforms) = postSolution
		{94FB2FE1-CF80-4B18-8463-F850DC8E920B}.CD_ROM|Any CPU.ActiveCfg = Release|Any CPU
		{94FB2FE1-CF80-4B18-8463-F850DC8E920B}.CD_ROM|Any CPU.Build.0 = Release|Any CPU
		{94FB2FE1-CF80-4B18-8463-F850DC8E920B}.CD_ROM|Mixed Platforms.ActiveCfg = Release|Any CPU
		{94FB2FE1-CF80-4B18-8463-F850DC8E920B}.CD_ROM|Mixed Platforms.Build.0 = Release|Any CPU
		{94FB2FE1-CF80-4B18-8463-F850DC8E920B}.CD_ROM|x86.ActiveCfg = Release|Any CPU
		{94FB2FE1-CF80-4B18-8463-F850DC8E920B}.Debug|Any CPU.ActiveCfg = Debug|Any CPU
		{94FB2FE1-CF80-4B18-8463-F850DC8E920B}.Debug|Any CPU.Build.0 = Debug|Any CPU
		{94FB2FE1-CF80-4B18-8463-F850DC8E920B}.Debug|Mixed Platforms.ActiveCfg = Debug|Any CPU
		{94FB2FE1-CF80-4B18-8463-F850DC8E920B}.Debug|Mixed Platforms.Build.0 = Debug|Any CPU
		{94FB2FE1-CF80-4B18-8463-F850DC8E920B}.Debug|x86.ActiveCfg = Debug|Any CPU
		{94FB2FE1-CF80-4B18-8463-F850DC8E920B}.DVD-5|Any CPU.ActiveCfg = Debug|Any CPU
		{94FB2FE1-CF80-4B18-8463-F850DC8E920B}.DVD-5|Any CPU.Build.0 = Debug|Any CPU
		{94FB2FE1-CF80-4B18-8463-F850DC8E920B}.DVD-5|Mixed Platforms.ActiveCfg = Debug|Any CPU
		{94FB2FE1-CF80-4B18-8463-F850DC8E920B}.DVD-5|Mixed Platforms.Build.0 = Debug|Any CPU
		{94FB2FE1-CF80-4B18-8463-F850DC8E920B}.DVD-5|x86.ActiveCfg = Debug|Any CPU
		{94FB2FE1-CF80-4B18-8463-F850DC8E920B}.Release|Any CPU.ActiveCfg = Release|Any CPU
		{94FB2FE1-CF80-4B18-8463-F850DC8E920B}.Release|Any CPU.Build.0 = Release|Any CPU
		{94FB2FE1-CF80-4B18-8463-F850DC8E920B}.Release|Mixed Platforms.ActiveCfg = Release|Any CPU
		{94FB2FE1-CF80-4B18-8463-F850DC8E920B}.Release|Mixed Platforms.Build.0 = Release|Any CPU
		{94FB2FE1-CF80-4B18-8463-F850DC8E920B}.Release|x86.ActiveCfg = Release|Any CPU
		{94FB2FE1-CF80-4B18-8463-F850DC8E920B}.SingleImage|Any CPU.ActiveCfg = Release|Any CPU
		{94FB2FE1-CF80-4B18-8463-F850DC8E920B}.SingleImage|Any CPU.Build.0 = Release|Any CPU
		{94FB2FE1-CF80-4B18-8463-F850DC8E920B}.SingleImage|Mixed Platforms.ActiveCfg = Release|Any CPU
		{94FB2FE1-CF80-4B18-8463-F850DC8E920B}.SingleImage|Mixed Platforms.Build.0 = Release|Any CPU
		{94FB2FE1-CF80-4B18-8463-F850DC8E920B}.SingleImage|x86.ActiveCfg = Release|Any CPU
		{82E8B817-64BB-4117-A355-0EF1A4AC1058}.CD_ROM|Any CPU.ActiveCfg = Release|Any CPU
		{82E8B817-64BB-4117-A355-0EF1A4AC1058}.CD_ROM|Any CPU.Build.0 = Release|Any CPU
		{82E8B817-64BB-4117-A355-0EF1A4AC1058}.CD_ROM|Mixed Platforms.ActiveCfg = Release|Any CPU
		{82E8B817-64BB-4117-A355-0EF1A4AC1058}.CD_ROM|Mixed Platforms.Build.0 = Release|Any CPU
		{82E8B817-64BB-4117-A355-0EF1A4AC1058}.CD_ROM|x86.ActiveCfg = Release|Any CPU
		{82E8B817-64BB-4117-A355-0EF1A4AC1058}.Debug|Any CPU.ActiveCfg = Debug|Any CPU
		{82E8B817-64BB-4117-A355-0EF1A4AC1058}.Debug|Any CPU.Build.0 = Debug|Any CPU
		{82E8B817-64BB-4117-A355-0EF1A4AC1058}.Debug|Mixed Platforms.ActiveCfg = Debug|Any CPU
		{82E8B817-64BB-4117-A355-0EF1A4AC1058}.Debug|Mixed Platforms.Build.0 = Debug|Any CPU
		{82E8B817-64BB-4117-A355-0EF1A4AC1058}.Debug|x86.ActiveCfg = Debug|Any CPU
		{82E8B817-64BB-4117-A355-0EF1A4AC1058}.DVD-5|Any CPU.ActiveCfg = Debug|Any CPU
		{82E8B817-64BB-4117-A355-0EF1A4AC1058}.DVD-5|Any CPU.Build.0 = Debug|Any CPU
		{82E8B817-64BB-4117-A355-0EF1A4AC1058}.DVD-5|Mixed Platforms.ActiveCfg = Debug|Any CPU
		{82E8B817-64BB-4117-A355-0EF1A4AC1058}.DVD-5|Mixed Platforms.Build.0 = Debug|Any CPU
		{82E8B817-64BB-4117-A355-0EF1A4AC1058}.DVD-5|x86.ActiveCfg = Debug|Any CPU
		{82E8B817-64BB-4117-A355-0EF1A4AC1058}.Release|Any CPU.ActiveCfg = Release|Any CPU
		{82E8B817-64BB-4117-A355-0EF1A4AC1058}.Release|Any CPU.Build.0 = Release|Any CPU
		{82E8B817-64BB-4117-A355-0EF1A4AC1058}.Release|Mixed Platforms.ActiveCfg = Release|Any CPU
		{82E8B817-64BB-4117-A355-0EF1A4AC1058}.Release|Mixed Platforms.Build.0 = Release|Any CPU
		{82E8B817-64BB-4117-A355-0EF1A4AC1058}.Release|x86.ActiveCfg = Release|Any CPU
		{82E8B817-64BB-4117-A355-0EF1A4AC1058}.SingleImage|Any CPU.ActiveCfg = Release|Any CPU
		{82E8B817-64BB-4117-A355-0EF1A4AC1058}.SingleImage|Any CPU.Build.0 = Release|Any CPU
		{82E8B817-64BB-4117-A355-0EF1A4AC1058}.SingleImage|Mixed Platforms.ActiveCfg = Release|Any CPU
		{82E8B817-64BB-4117-A355-0EF1A4AC1058}.SingleImage|Mixed Platforms.Build.0 = Release|Any CPU
		{82E8B817-64BB-4117-A355-0EF1A4AC1058}.SingleImage|x86.ActiveCfg = Release|Any CPU
		{7B85ADCF-A717-4CC8-8AD7-1F1044685E4E}.CD_ROM|Any CPU.ActiveCfg = Release|Any CPU
		{7B85ADCF-A717-4CC8-8AD7-1F1044685E4E}.CD_ROM|Any CPU.Build.0 = Release|Any CPU
		{7B85ADCF-A717-4CC8-8AD7-1F1044685E4E}.CD_ROM|Mixed Platforms.ActiveCfg = Release|Any CPU
		{7B85ADCF-A717-4CC8-8AD7-1F1044685E4E}.CD_ROM|Mixed Platforms.Build.0 = Release|Any CPU
		{7B85ADCF-A717-4CC8-8AD7-1F1044685E4E}.CD_ROM|x86.ActiveCfg = Release|Any CPU
		{7B85ADCF-A717-4CC8-8AD7-1F1044685E4E}.Debug|Any CPU.ActiveCfg = Debug|Any CPU
		{7B85ADCF-A717-4CC8-8AD7-1F1044685E4E}.Debug|Any CPU.Build.0 = Debug|Any CPU
		{7B85ADCF-A717-4CC8-8AD7-1F1044685E4E}.Debug|Mixed Platforms.ActiveCfg = Debug|Any CPU
		{7B85ADCF-A717-4CC8-8AD7-1F1044685E4E}.Debug|Mixed Platforms.Build.0 = Debug|Any CPU
		{7B85ADCF-A717-4CC8-8AD7-1F1044685E4E}.Debug|x86.ActiveCfg = Debug|Any CPU
		{7B85ADCF-A717-4CC8-8AD7-1F1044685E4E}.DVD-5|Any CPU.ActiveCfg = Debug|Any CPU
		{7B85ADCF-A717-4CC8-8AD7-1F1044685E4E}.DVD-5|Any CPU.Build.0 = Debug|Any CPU
		{7B85ADCF-A717-4CC8-8AD7-1F1044685E4E}.DVD-5|Mixed Platforms.ActiveCfg = Debug|Any CPU
		{7B85ADCF-A717-4CC8-8AD7-1F1044685E4E}.DVD-5|Mixed Platforms.Build.0 = Debug|Any CPU
		{7B85ADCF-A717-4CC8-8AD7-1F1044685E4E}.DVD-5|x86.ActiveCfg = Debug|Any CPU
		{7B85ADCF-A717-4CC8-8AD7-1F1044685E4E}.Release|Any CPU.ActiveCfg = Release|Any CPU
		{7B85ADCF-A717-4CC8-8AD7-1F1044685E4E}.Release|Any CPU.Build.0 = Release|Any CPU
		{7B85ADCF-A717-4CC8-8AD7-1F1044685E4E}.Release|Mixed Platforms.ActiveCfg = Release|Any CPU
		{7B85ADCF-A717-4CC8-8AD7-1F1044685E4E}.Release|Mixed Platforms.Build.0 = Release|Any CPU
		{7B85ADCF-A717-4CC8-8AD7-1F1044685E4E}.Release|x86.ActiveCfg = Release|Any CPU
		{7B85ADCF-A717-4CC8-8AD7-1F1044685E4E}.SingleImage|Any CPU.ActiveCfg = Release|Any CPU
		{7B85ADCF-A717-4CC8-8AD7-1F1044685E4E}.SingleImage|Any CPU.Build.0 = Release|Any CPU
		{7B85ADCF-A717-4CC8-8AD7-1F1044685E4E}.SingleImage|Mixed Platforms.ActiveCfg = Release|Any CPU
		{7B85ADCF-A717-4CC8-8AD7-1F1044685E4E}.SingleImage|Mixed Platforms.Build.0 = Release|Any CPU
		{7B85ADCF-A717-4CC8-8AD7-1F1044685E4E}.SingleImage|x86.ActiveCfg = Release|Any CPU
		{7A8AEF6A-C6C7-4DDA-918C-2F6BC52ECAA4}.CD_ROM|Any CPU.ActiveCfg = Release|Any CPU
		{7A8AEF6A-C6C7-4DDA-918C-2F6BC52ECAA4}.CD_ROM|Any CPU.Build.0 = Release|Any CPU
		{7A8AEF6A-C6C7-4DDA-918C-2F6BC52ECAA4}.CD_ROM|Mixed Platforms.ActiveCfg = Release|Any CPU
		{7A8AEF6A-C6C7-4DDA-918C-2F6BC52ECAA4}.CD_ROM|Mixed Platforms.Build.0 = Release|Any CPU
		{7A8AEF6A-C6C7-4DDA-918C-2F6BC52ECAA4}.CD_ROM|x86.ActiveCfg = Release|Any CPU
		{7A8AEF6A-C6C7-4DDA-918C-2F6BC52ECAA4}.Debug|Any CPU.ActiveCfg = Debug|Any CPU
		{7A8AEF6A-C6C7-4DDA-918C-2F6BC52ECAA4}.Debug|Any CPU.Build.0 = Debug|Any CPU
		{7A8AEF6A-C6C7-4DDA-918C-2F6BC52ECAA4}.Debug|Mixed Platforms.ActiveCfg = Debug|Any CPU
		{7A8AEF6A-C6C7-4DDA-918C-2F6BC52ECAA4}.Debug|Mixed Platforms.Build.0 = Debug|Any CPU
		{7A8AEF6A-C6C7-4DDA-918C-2F6BC52ECAA4}.Debug|x86.ActiveCfg = Debug|Any CPU
		{7A8AEF6A-C6C7-4DDA-918C-2F6BC52ECAA4}.DVD-5|Any CPU.ActiveCfg = Debug|Any CPU
		{7A8AEF6A-C6C7-4DDA-918C-2F6BC52ECAA4}.DVD-5|Any CPU.Build.0 = Debug|Any CPU
		{7A8AEF6A-C6C7-4DDA-918C-2F6BC52ECAA4}.DVD-5|Mixed Platforms.ActiveCfg = Debug|Any CPU
		{7A8AEF6A-C6C7-4DDA-918C-2F6BC52ECAA4}.DVD-5|Mixed Platforms.Build.0 = Debug|Any CPU
		{7A8AEF6A-C6C7-4DDA-918C-2F6BC52ECAA4}.DVD-5|x86.ActiveCfg = Debug|Any CPU
		{7A8AEF6A-C6C7-4DDA-918C-2F6BC52ECAA4}.Release|Any CPU.ActiveCfg = Release|Any CPU
		{7A8AEF6A-C6C7-4DDA-918C-2F6BC52ECAA4}.Release|Any CPU.Build.0 = Release|Any CPU
		{7A8AEF6A-C6C7-4DDA-918C-2F6BC52ECAA4}.Release|Mixed Platforms.ActiveCfg = Release|Any CPU
		{7A8AEF6A-C6C7-4DDA-918C-2F6BC52ECAA4}.Release|Mixed Platforms.Build.0 = Release|Any CPU
		{7A8AEF6A-C6C7-4DDA-918C-2F6BC52ECAA4}.Release|x86.ActiveCfg = Release|Any CPU
		{7A8AEF6A-C6C7-4DDA-918C-2F6BC52ECAA4}.SingleImage|Any CPU.ActiveCfg = Release|Any CPU
		{7A8AEF6A-C6C7-4DDA-918C-2F6BC52ECAA4}.SingleImage|Any CPU.Build.0 = Release|Any CPU
		{7A8AEF6A-C6C7-4DDA-918C-2F6BC52ECAA4}.SingleImage|Mixed Platforms.ActiveCfg = Release|Any CPU
		{7A8AEF6A-C6C7-4DDA-918C-2F6BC52ECAA4}.SingleImage|Mixed Platforms.Build.0 = Release|Any CPU
		{7A8AEF6A-C6C7-4DDA-918C-2F6BC52ECAA4}.SingleImage|x86.ActiveCfg = Release|Any CPU
		{B7A19F95-D77D-4919-BF52-C1C699D1A81E}.CD_ROM|Any CPU.ActiveCfg = Release|Any CPU
		{B7A19F95-D77D-4919-BF52-C1C699D1A81E}.CD_ROM|Any CPU.Build.0 = Release|Any CPU
		{B7A19F95-D77D-4919-BF52-C1C699D1A81E}.CD_ROM|Mixed Platforms.ActiveCfg = Release|Any CPU
		{B7A19F95-D77D-4919-BF52-C1C699D1A81E}.CD_ROM|Mixed Platforms.Build.0 = Release|Any CPU
		{B7A19F95-D77D-4919-BF52-C1C699D1A81E}.CD_ROM|x86.ActiveCfg = Release|Any CPU
		{B7A19F95-D77D-4919-BF52-C1C699D1A81E}.Debug|Any CPU.ActiveCfg = Debug|Any CPU
		{B7A19F95-D77D-4919-BF52-C1C699D1A81E}.Debug|Any CPU.Build.0 = Debug|Any CPU
		{B7A19F95-D77D-4919-BF52-C1C699D1A81E}.Debug|Mixed Platforms.ActiveCfg = Debug|Any CPU
		{B7A19F95-D77D-4919-BF52-C1C699D1A81E}.Debug|Mixed Platforms.Build.0 = Debug|Any CPU
		{B7A19F95-D77D-4919-BF52-C1C699D1A81E}.Debug|x86.ActiveCfg = Debug|Any CPU
		{B7A19F95-D77D-4919-BF52-C1C699D1A81E}.DVD-5|Any CPU.ActiveCfg = Debug|Any CPU
		{B7A19F95-D77D-4919-BF52-C1C699D1A81E}.DVD-5|Any CPU.Build.0 = Debug|Any CPU
		{B7A19F95-D77D-4919-BF52-C1C699D1A81E}.DVD-5|Mixed Platforms.ActiveCfg = Debug|Any CPU
		{B7A19F95-D77D-4919-BF52-C1C699D1A81E}.DVD-5|Mixed Platforms.Build.0 = Debug|Any CPU
		{B7A19F95-D77D-4919-BF52-C1C699D1A81E}.DVD-5|x86.ActiveCfg = Debug|Any CPU
		{B7A19F95-D77D-4919-BF52-C1C699D1A81E}.Release|Any CPU.ActiveCfg = Release|Any CPU
		{B7A19F95-D77D-4919-BF52-C1C699D1A81E}.Release|Any CPU.Build.0 = Release|Any CPU
		{B7A19F95-D77D-4919-BF52-C1C699D1A81E}.Release|Mixed Platforms.ActiveCfg = Release|Any CPU
		{B7A19F95-D77D-4919-BF52-C1C699D1A81E}.Release|Mixed Platforms.Build.0 = Release|Any CPU
		{B7A19F95-D77D-4919-BF52-C1C699D1A81E}.Release|x86.ActiveCfg = Release|Any CPU
		{B7A19F95-D77D-4919-BF52-C1C699D1A81E}.SingleImage|Any CPU.ActiveCfg = Release|Any CPU
		{B7A19F95-D77D-4919-BF52-C1C699D1A81E}.SingleImage|Any CPU.Build.0 = Release|Any CPU
		{B7A19F95-D77D-4919-BF52-C1C699D1A81E}.SingleImage|Mixed Platforms.ActiveCfg = Release|Any CPU
		{B7A19F95-D77D-4919-BF52-C1C699D1A81E}.SingleImage|Mixed Platforms.Build.0 = Release|Any CPU
		{B7A19F95-D77D-4919-BF52-C1C699D1A81E}.SingleImage|x86.ActiveCfg = Release|Any CPU
		{3BC500E9-C696-4A23-B506-2EC1E9089B58}.CD_ROM|Any CPU.ActiveCfg = Release|Any CPU
		{3BC500E9-C696-4A23-B506-2EC1E9089B58}.CD_ROM|Any CPU.Build.0 = Release|Any CPU
		{3BC500E9-C696-4A23-B506-2EC1E9089B58}.CD_ROM|Mixed Platforms.ActiveCfg = Release|Any CPU
		{3BC500E9-C696-4A23-B506-2EC1E9089B58}.CD_ROM|Mixed Platforms.Build.0 = Release|Any CPU
		{3BC500E9-C696-4A23-B506-2EC1E9089B58}.CD_ROM|x86.ActiveCfg = Release|Any CPU
		{3BC500E9-C696-4A23-B506-2EC1E9089B58}.Debug|Any CPU.ActiveCfg = Debug|Any CPU
		{3BC500E9-C696-4A23-B506-2EC1E9089B58}.Debug|Any CPU.Build.0 = Debug|Any CPU
		{3BC500E9-C696-4A23-B506-2EC1E9089B58}.Debug|Mixed Platforms.ActiveCfg = Debug|Any CPU
		{3BC500E9-C696-4A23-B506-2EC1E9089B58}.Debug|Mixed Platforms.Build.0 = Debug|Any CPU
		{3BC500E9-C696-4A23-B506-2EC1E9089B58}.Debug|x86.ActiveCfg = Debug|Any CPU
		{3BC500E9-C696-4A23-B506-2EC1E9089B58}.DVD-5|Any CPU.ActiveCfg = Debug|Any CPU
		{3BC500E9-C696-4A23-B506-2EC1E9089B58}.DVD-5|Any CPU.Build.0 = Debug|Any CPU
		{3BC500E9-C696-4A23-B506-2EC1E9089B58}.DVD-5|Mixed Platforms.ActiveCfg = Debug|Any CPU
		{3BC500E9-C696-4A23-B506-2EC1E9089B58}.DVD-5|Mixed Platforms.Build.0 = Debug|Any CPU
		{3BC500E9-C696-4A23-B506-2EC1E9089B58}.DVD-5|x86.ActiveCfg = Debug|Any CPU
		{3BC500E9-C696-4A23-B506-2EC1E9089B58}.Release|Any CPU.ActiveCfg = Release|Any CPU
		{3BC500E9-C696-4A23-B506-2EC1E9089B58}.Release|Any CPU.Build.0 = Release|Any CPU
		{3BC500E9-C696-4A23-B506-2EC1E9089B58}.Release|Mixed Platforms.ActiveCfg = Release|Any CPU
		{3BC500E9-C696-4A23-B506-2EC1E9089B58}.Release|Mixed Platforms.Build.0 = Release|Any CPU
		{3BC500E9-C696-4A23-B506-2EC1E9089B58}.Release|x86.ActiveCfg = Release|Any CPU
		{3BC500E9-C696-4A23-B506-2EC1E9089B58}.SingleImage|Any CPU.ActiveCfg = Release|Any CPU
		{3BC500E9-C696-4A23-B506-2EC1E9089B58}.SingleImage|Any CPU.Build.0 = Release|Any CPU
		{3BC500E9-C696-4A23-B506-2EC1E9089B58}.SingleImage|Mixed Platforms.ActiveCfg = Release|Any CPU
		{3BC500E9-C696-4A23-B506-2EC1E9089B58}.SingleImage|Mixed Platforms.Build.0 = Release|Any CPU
		{3BC500E9-C696-4A23-B506-2EC1E9089B58}.SingleImage|x86.ActiveCfg = Release|Any CPU
	EndGlobalSection
	GlobalSection(SolutionProperties) = preSolution
		HideSolutionNode = FALSE
	EndGlobalSection
EndGlobal
